
Microsoft Visual Studio Solution File, Format Version 12.00
# Visual Studio 15
VisualStudioVersion = 15.0.28010.2050
MinimumVisualStudioVersion = 10.0.40219.1
Project("{FAE04EC0-301F-11D3-BF4B-00C04F79EFBC}") = "PoolIt.Web", "PoolIt.Web\PoolIt.Web.csproj", "{C5C5AB7C-1F25-48E3-BC19-C0E9F90B67CD}"
EndProject
Project("{FAE04EC0-301F-11D3-BF4B-00C04F79EFBC}") = "PoolIt.Models", "PoolIt.Models\PoolIt.Models.csproj", "{80B7FA34-41AA-4010-88D0-A60F5502FA43}"
EndProject
Project("{FAE04EC0-301F-11D3-BF4B-00C04F79EFBC}") = "PoolIt.Data", "PoolIt.Data\PoolIt.Data.csproj", "{47D38A08-34DE-41C0-A981-B1E872FD29C2}"
EndProject
Project("{FAE04EC0-301F-11D3-BF4B-00C04F79EFBC}") = "PoolIt.Infrastructure", "PoolIt.Infrastructure\PoolIt.Infrastructure.csproj", "{1B65213A-89C8-469C-BCE9-56AE35582A90}"
EndProject
Project("{FAE04EC0-301F-11D3-BF4B-00C04F79EFBC}") = "PoolIt.Services", "PoolIt.Services\PoolIt.Services.csproj", "{9FF57DA6-E8C0-4366-B876-7E901E74D19A}"
EndProject
Project("{FAE04EC0-301F-11D3-BF4B-00C04F79EFBC}") = "PoolIt.Services.Tests", "PoolIt.Services.Tests\PoolIt.Services.Tests.csproj", "{4B26976C-7F76-4AAE-B9E8-1B60935D7098}"
EndProject
Global
	GlobalSection(SolutionConfigurationPlatforms) = preSolution
		Debug|Any CPU = Debug|Any CPU
		Release|Any CPU = Release|Any CPU
	EndGlobalSection
	GlobalSection(ProjectConfigurationPlatforms) = postSolution
		{C5C5AB7C-1F25-48E3-BC19-C0E9F90B67CD}.Debug|Any CPU.ActiveCfg = Debug|Any CPU
		{C5C5AB7C-1F25-48E3-BC19-C0E9F90B67CD}.Debug|Any CPU.Build.0 = Debug|Any CPU
		{C5C5AB7C-1F25-48E3-BC19-C0E9F90B67CD}.Release|Any CPU.ActiveCfg = Release|Any CPU
		{C5C5AB7C-1F25-48E3-BC19-C0E9F90B67CD}.Release|Any CPU.Build.0 = Release|Any CPU
		{80B7FA34-41AA-4010-88D0-A60F5502FA43}.Debug|Any CPU.ActiveCfg = Debug|Any CPU
		{80B7FA34-41AA-4010-88D0-A60F5502FA43}.Debug|Any CPU.Build.0 = Debug|Any CPU
		{80B7FA34-41AA-4010-88D0-A60F5502FA43}.Release|Any CPU.ActiveCfg = Release|Any CPU
		{80B7FA34-41AA-4010-88D0-A60F5502FA43}.Release|Any CPU.Build.0 = Release|Any CPU
		{47D38A08-34DE-41C0-A981-B1E872FD29C2}.Debug|Any CPU.ActiveCfg = Debug|Any CPU
		{47D38A08-34DE-41C0-A981-B1E872FD29C2}.Debug|Any CPU.Build.0 = Debug|Any CPU
		{47D38A08-34DE-41C0-A981-B1E872FD29C2}.Release|Any CPU.ActiveCfg = Release|Any CPU
		{47D38A08-34DE-41C0-A981-B1E872FD29C2}.Release|Any CPU.Build.0 = Release|Any CPU
		{1B65213A-89C8-469C-BCE9-56AE35582A90}.Debug|Any CPU.ActiveCfg = Debug|Any CPU
		{1B65213A-89C8-469C-BCE9-56AE35582A90}.Debug|Any CPU.Build.0 = Debug|Any CPU
		{1B65213A-89C8-469C-BCE9-56AE35582A90}.Release|Any CPU.ActiveCfg = Release|Any CPU
		{1B65213A-89C8-469C-BCE9-56AE35582A90}.Release|Any CPU.Build.0 = Release|Any CPU
		{9FF57DA6-E8C0-4366-B876-7E901E74D19A}.Debug|Any CPU.ActiveCfg = Debug|Any CPU
		{9FF57DA6-E8C0-4366-B876-7E901E74D19A}.Debug|Any CPU.Build.0 = Debug|Any CPU
		{9FF57DA6-E8C0-4366-B876-7E901E74D19A}.Release|Any CPU.ActiveCfg = Release|Any CPU
		{9FF57DA6-E8C0-4366-B876-7E901E74D19A}.Release|Any CPU.Build.0 = Release|Any CPU
		{4B26976C-7F76-4AAE-B9E8-1B60935D7098}.Debug|Any CPU.ActiveCfg = Debug|Any CPU
		{4B26976C-7F76-4AAE-B9E8-1B60935D7098}.Debug|Any CPU.Build.0 = Debug|Any CPU
		{4B26976C-7F76-4AAE-B9E8-1B60935D7098}.Release|Any CPU.ActiveCfg = Release|Any CPU
		{4B26976C-7F76-4AAE-B9E8-1B60935D7098}.Release|Any CPU.Build.0 = Release|Any CPU
	EndGlobalSection
	GlobalSection(SolutionProperties) = preSolution
		HideSolutionNode = FALSE
	EndGlobalSection
	GlobalSection(ExtensibilityGlobals) = postSolution
		SolutionGuid = {202A6F1E-751D-4FED-8BC6-323D3312F5E7}
	EndGlobalSection
EndGlobal
